{
  "name": "rezervacia",
  "version": "1.0.0",
  "lockfileVersion": 1,
  "requires": true,
  "dependencies": {
    "@creanet/js-file": {
      "version": "1.0.0",
      "resolved": "https://registry.npmjs.org/@creanet/js-file/-/js-file-1.0.0.tgz",
      "integrity": "sha512-FW85oiOJR5c39MAZNf8FtXWdUFGO1uxwtzcnLaqzWtx+cVDhBVXhq7cFIQ+4+jGv/NOP3jyJ7RT0MGTw4XZZbA=="
    }
  }
}
